
Microsoft Visual Studio Solution File, Format Version 12.00
# Visual Studio 15
VisualStudioVersion = 15.0.28307.102
MinimumVisualStudioVersion = 10.0.40219.1
Project("{A0786B88-2ADB-4C21-ABE8-AA2D79766269}") = "iProject", "iProject.phpproj", "{1F5B65E5-E3B7-4798-B587-E0360FD02840}"
EndProject
Global
	GlobalSection(SolutionConfigurationPlatforms) = preSolution
		Debug|Any CPU = Debug|Any CPU
		Release|Any CPU = Release|Any CPU
	EndGlobalSection
	GlobalSection(ProjectConfigurationPlatforms) = postSolution
		{1F5B65E5-E3B7-4798-B587-E0360FD02840}.Debug|Any CPU.ActiveCfg = Debug|Any CPU
		{1F5B65E5-E3B7-4798-B587-E0360FD02840}.Release|Any CPU.ActiveCfg = Release|Any CPU
	EndGlobalSection
	GlobalSection(SolutionProperties) = preSolution
		HideSolutionNode = FALSE
	EndGlobalSection
	GlobalSection(ExtensibilityGlobals) = postSolution
		SolutionGuid = {0FE0891B-EEB0-4D21-852B-011E5960A358}
	EndGlobalSection
EndGlobal
